
Microsoft Visual Studio Solution File, Format Version 12.00
# Visual Studio Version 16
VisualStudioVersion = 16.0.31515.178
MinimumVisualStudioVersion = 10.0.40219.1
Project("{FAE04EC0-301F-11D3-BF4B-00C04F79EFBC}") = "StudenstPLaygorund", "StudenstPLaygorund\StudenstPLaygorund.csproj", "{D2FB7009-6D5C-47EF-A4AD-A4FC1F433B5B}"
EndProject
Project("{FAE04EC0-301F-11D3-BF4B-00C04F79EFBC}") = "MyAssembly", "MyAssembly\MyAssembly.csproj", "{178AB57C-5C36-4373-8031-1CAFD8E4F227}"
EndProject
Global
	GlobalSection(SolutionConfigurationPlatforms) = preSolution
		Debug|Any CPU = Debug|Any CPU
		Release|Any CPU = Release|Any CPU
	EndGlobalSection
	GlobalSection(ProjectConfigurationPlatforms) = postSolution
		{D2FB7009-6D5C-47EF-A4AD-A4FC1F433B5B}.Debug|Any CPU.ActiveCfg = Debug|Any CPU
		{D2FB7009-6D5C-47EF-A4AD-A4FC1F433B5B}.Debug|Any CPU.Build.0 = Debug|Any CPU
		{D2FB7009-6D5C-47EF-A4AD-A4FC1F433B5B}.Release|Any CPU.ActiveCfg = Release|Any CPU
		{D2FB7009-6D5C-47EF-A4AD-A4FC1F433B5B}.Release|Any CPU.Build.0 = Release|Any CPU
		{178AB57C-5C36-4373-8031-1CAFD8E4F227}.Debug|Any CPU.ActiveCfg = Debug|Any CPU
		{178AB57C-5C36-4373-8031-1CAFD8E4F227}.Debug|Any CPU.Build.0 = Debug|Any CPU
		{178AB57C-5C36-4373-8031-1CAFD8E4F227}.Release|Any CPU.ActiveCfg = Release|Any CPU
		{178AB57C-5C36-4373-8031-1CAFD8E4F227}.Release|Any CPU.Build.0 = Release|Any CPU
	EndGlobalSection
	GlobalSection(SolutionProperties) = preSolution
		HideSolutionNode = FALSE
	EndGlobalSection
	GlobalSection(ExtensibilityGlobals) = postSolution
		SolutionGuid = {7E1D208A-E7E0-4F40-BAE5-9706CB59EFB3}
	EndGlobalSection
EndGlobal
