
Microsoft Visual Studio Solution File, Format Version 12.00
# Visual Studio Version 16
VisualStudioVersion = 16.0.31911.196
MinimumVisualStudioVersion = 10.0.40219.1
Project("{FAE04EC0-301F-11D3-BF4B-00C04F79EFBC}") = "Factory", "Factory\Factory.csproj", "{DD85B293-CDB2-40BD-BF9A-C6C1ECB7F3C4}"
EndProject
Project("{FAE04EC0-301F-11D3-BF4B-00C04F79EFBC}") = "Common", "Common\Common.csproj", "{80EAB360-64DA-4BAF-BA4E-12B830E741A8}"
EndProject
Project("{FAE04EC0-301F-11D3-BF4B-00C04F79EFBC}") = "BeerProcessor", "BeerProcessor\BeerProcessor.csproj", "{1E8A370E-F050-4A48-8A86-A922D3D98053}"
EndProject
Project("{FAE04EC0-301F-11D3-BF4B-00C04F79EFBC}") = "SandwichProcessor", "SandwichProcessor\SandwichProcessor.csproj", "{020B27CD-EE68-48D4-98A9-25AD77447FEF}"
EndProject
Global
	GlobalSection(SolutionConfigurationPlatforms) = preSolution
		Debug|Any CPU = Debug|Any CPU
		Release|Any CPU = Release|Any CPU
	EndGlobalSection
	GlobalSection(ProjectConfigurationPlatforms) = postSolution
		{DD85B293-CDB2-40BD-BF9A-C6C1ECB7F3C4}.Debug|Any CPU.ActiveCfg = Debug|Any CPU
		{DD85B293-CDB2-40BD-BF9A-C6C1ECB7F3C4}.Debug|Any CPU.Build.0 = Debug|Any CPU
		{DD85B293-CDB2-40BD-BF9A-C6C1ECB7F3C4}.Release|Any CPU.ActiveCfg = Release|Any CPU
		{DD85B293-CDB2-40BD-BF9A-C6C1ECB7F3C4}.Release|Any CPU.Build.0 = Release|Any CPU
		{80EAB360-64DA-4BAF-BA4E-12B830E741A8}.Debug|Any CPU.ActiveCfg = Debug|Any CPU
		{80EAB360-64DA-4BAF-BA4E-12B830E741A8}.Debug|Any CPU.Build.0 = Debug|Any CPU
		{80EAB360-64DA-4BAF-BA4E-12B830E741A8}.Release|Any CPU.ActiveCfg = Release|Any CPU
		{80EAB360-64DA-4BAF-BA4E-12B830E741A8}.Release|Any CPU.Build.0 = Release|Any CPU
		{1E8A370E-F050-4A48-8A86-A922D3D98053}.Debug|Any CPU.ActiveCfg = Debug|Any CPU
		{1E8A370E-F050-4A48-8A86-A922D3D98053}.Debug|Any CPU.Build.0 = Debug|Any CPU
		{1E8A370E-F050-4A48-8A86-A922D3D98053}.Release|Any CPU.ActiveCfg = Release|Any CPU
		{1E8A370E-F050-4A48-8A86-A922D3D98053}.Release|Any CPU.Build.0 = Release|Any CPU
		{020B27CD-EE68-48D4-98A9-25AD77447FEF}.Debug|Any CPU.ActiveCfg = Debug|Any CPU
		{020B27CD-EE68-48D4-98A9-25AD77447FEF}.Debug|Any CPU.Build.0 = Debug|Any CPU
		{020B27CD-EE68-48D4-98A9-25AD77447FEF}.Release|Any CPU.ActiveCfg = Release|Any CPU
		{020B27CD-EE68-48D4-98A9-25AD77447FEF}.Release|Any CPU.Build.0 = Release|Any CPU
	EndGlobalSection
	GlobalSection(SolutionProperties) = preSolution
		HideSolutionNode = FALSE
	EndGlobalSection
	GlobalSection(ExtensibilityGlobals) = postSolution
		SolutionGuid = {B75B0D81-9C21-4471-BC1D-D4A0C05F9252}
	EndGlobalSection
EndGlobal
