
Microsoft Visual Studio Solution File, Format Version 12.00
# Visual Studio Version 16
VisualStudioVersion = 16.0.31911.196
MinimumVisualStudioVersion = 10.0.40219.1
Project("{FAE04EC0-301F-11D3-BF4B-00C04F79EFBC}") = "10_Metric_Hitler", "10_Metric_Hitler\10_Metric_Hitler.csproj", "{FDF70094-31C6-4634-B5F1-E2A5B51B759C}"
EndProject
Global
	GlobalSection(SolutionConfigurationPlatforms) = preSolution
		Debug|Any CPU = Debug|Any CPU
		Release|Any CPU = Release|Any CPU
	EndGlobalSection
	GlobalSection(ProjectConfigurationPlatforms) = postSolution
		{FDF70094-31C6-4634-B5F1-E2A5B51B759C}.Debug|Any CPU.ActiveCfg = Debug|Any CPU
		{FDF70094-31C6-4634-B5F1-E2A5B51B759C}.Debug|Any CPU.Build.0 = Debug|Any CPU
		{FDF70094-31C6-4634-B5F1-E2A5B51B759C}.Release|Any CPU.ActiveCfg = Release|Any CPU
		{FDF70094-31C6-4634-B5F1-E2A5B51B759C}.Release|Any CPU.Build.0 = Release|Any CPU
	EndGlobalSection
	GlobalSection(SolutionProperties) = preSolution
		HideSolutionNode = FALSE
	EndGlobalSection
	GlobalSection(ExtensibilityGlobals) = postSolution
		SolutionGuid = {A8DBDE72-1A4C-4406-B26D-64DD2724D75F}
	EndGlobalSection
EndGlobal
