
Microsoft Visual Studio Solution File, Format Version 12.00
# Visual Studio Version 16
VisualStudioVersion = 16.0.31911.196
MinimumVisualStudioVersion = 10.0.40219.1
Project("{FAE04EC0-301F-11D3-BF4B-00C04F79EFBC}") = "04_Linq", "04_Linq.csproj", "{60805B77-700A-4CD7-A273-41184856E49A}"
EndProject
Global
	GlobalSection(SolutionConfigurationPlatforms) = preSolution
		Debug|Any CPU = Debug|Any CPU
		Release|Any CPU = Release|Any CPU
	EndGlobalSection
	GlobalSection(ProjectConfigurationPlatforms) = postSolution
		{60805B77-700A-4CD7-A273-41184856E49A}.Debug|Any CPU.ActiveCfg = Debug|Any CPU
		{60805B77-700A-4CD7-A273-41184856E49A}.Debug|Any CPU.Build.0 = Debug|Any CPU
		{60805B77-700A-4CD7-A273-41184856E49A}.Release|Any CPU.ActiveCfg = Release|Any CPU
		{60805B77-700A-4CD7-A273-41184856E49A}.Release|Any CPU.Build.0 = Release|Any CPU
	EndGlobalSection
	GlobalSection(SolutionProperties) = preSolution
		HideSolutionNode = FALSE
	EndGlobalSection
	GlobalSection(ExtensibilityGlobals) = postSolution
		SolutionGuid = {ED28D053-10D9-4A23-847B-DFB670A6FA13}
	EndGlobalSection
EndGlobal
